
Microsoft Visual Studio Solution File, Format Version 12.00
# Visual Studio Version 16
VisualStudioVersion = 16.0.31321.278
MinimumVisualStudioVersion = 10.0.40219.1
Project("{FAE04EC0-301F-11D3-BF4B-00C04F79EFBC}") = "PracticaSegundoParcial-CFBQ", "PracticaSegundoParcial-CFBQ\PracticaSegundoParcial-CFBQ.csproj", "{DD3B5B1F-AB94-4F7B-A9F9-24817F7C25C3}"
EndProject
Global
	GlobalSection(SolutionConfigurationPlatforms) = preSolution
		Debug|Any CPU = Debug|Any CPU
		Release|Any CPU = Release|Any CPU
	EndGlobalSection
	GlobalSection(ProjectConfigurationPlatforms) = postSolution
		{DD3B5B1F-AB94-4F7B-A9F9-24817F7C25C3}.Debug|Any CPU.ActiveCfg = Debug|Any CPU
		{DD3B5B1F-AB94-4F7B-A9F9-24817F7C25C3}.Debug|Any CPU.Build.0 = Debug|Any CPU
		{DD3B5B1F-AB94-4F7B-A9F9-24817F7C25C3}.Release|Any CPU.ActiveCfg = Release|Any CPU
		{DD3B5B1F-AB94-4F7B-A9F9-24817F7C25C3}.Release|Any CPU.Build.0 = Release|Any CPU
	EndGlobalSection
	GlobalSection(SolutionProperties) = preSolution
		HideSolutionNode = FALSE
	EndGlobalSection
	GlobalSection(ExtensibilityGlobals) = postSolution
		SolutionGuid = {73688DD4-7D3E-4CC2-B499-D246398A6866}
	EndGlobalSection
EndGlobal
